
Microsoft Visual Studio Solution File, Format Version 12.00
# Visual Studio Version 16
VisualStudioVersion = 16.0.31624.102
MinimumVisualStudioVersion = 10.0.40219.1
Project("{FAE04EC0-301F-11D3-BF4B-00C04F79EFBC}") = "StackLab", "StackLab\StackLab.csproj", "{DD1CD5D2-5799-4171-BE3B-AE1F3E811355}"
EndProject
Project("{FAE04EC0-301F-11D3-BF4B-00C04F79EFBC}") = "StackLib", "StackLib\StackLib.csproj", "{7BC82916-6410-4E9A-B46E-5F7AB5DED566}"
EndProject
Global
	GlobalSection(SolutionConfigurationPlatforms) = preSolution
		Debug|Any CPU = Debug|Any CPU
		Release|Any CPU = Release|Any CPU
	EndGlobalSection
	GlobalSection(ProjectConfigurationPlatforms) = postSolution
		{DD1CD5D2-5799-4171-BE3B-AE1F3E811355}.Debug|Any CPU.ActiveCfg = Debug|Any CPU
		{DD1CD5D2-5799-4171-BE3B-AE1F3E811355}.Debug|Any CPU.Build.0 = Debug|Any CPU
		{DD1CD5D2-5799-4171-BE3B-AE1F3E811355}.Release|Any CPU.ActiveCfg = Release|Any CPU
		{DD1CD5D2-5799-4171-BE3B-AE1F3E811355}.Release|Any CPU.Build.0 = Release|Any CPU
		{7BC82916-6410-4E9A-B46E-5F7AB5DED566}.Debug|Any CPU.ActiveCfg = Debug|Any CPU
		{7BC82916-6410-4E9A-B46E-5F7AB5DED566}.Debug|Any CPU.Build.0 = Debug|Any CPU
		{7BC82916-6410-4E9A-B46E-5F7AB5DED566}.Release|Any CPU.ActiveCfg = Release|Any CPU
		{7BC82916-6410-4E9A-B46E-5F7AB5DED566}.Release|Any CPU.Build.0 = Release|Any CPU
	EndGlobalSection
	GlobalSection(SolutionProperties) = preSolution
		HideSolutionNode = FALSE
	EndGlobalSection
	GlobalSection(ExtensibilityGlobals) = postSolution
		SolutionGuid = {527A942C-5C41-48CD-9B86-79BE4E2B9BCC}
	EndGlobalSection
EndGlobal
